
Microsoft Visual Studio Solution File, Format Version 12.00
# Visual Studio Version 17
VisualStudioVersion = 17.13.35931.197 d17.13
MinimumVisualStudioVersion = 10.0.40219.1
Project("{FAE04EC0-301F-11D3-BF4B-00C04F79EFBC}") = "Pawn Vault - OOP", "Pawn Vault - OOP\Pawn Vault - OOP.csproj", "{DC9E6E4D-071C-4937-99D1-DBF2ED54E9C9}"
EndProject
Global
	GlobalSection(SolutionConfigurationPlatforms) = preSolution
		Debug|Any CPU = Debug|Any CPU
		Release|Any CPU = Release|Any CPU
	EndGlobalSection
	GlobalSection(ProjectConfigurationPlatforms) = postSolution
		{DC9E6E4D-071C-4937-99D1-DBF2ED54E9C9}.Debug|Any CPU.ActiveCfg = Debug|Any CPU
		{DC9E6E4D-071C-4937-99D1-DBF2ED54E9C9}.Debug|Any CPU.Build.0 = Debug|Any CPU
		{DC9E6E4D-071C-4937-99D1-DBF2ED54E9C9}.Release|Any CPU.ActiveCfg = Release|Any CPU
		{DC9E6E4D-071C-4937-99D1-DBF2ED54E9C9}.Release|Any CPU.Build.0 = Release|Any CPU
	EndGlobalSection
	GlobalSection(SolutionProperties) = preSolution
		HideSolutionNode = FALSE
	EndGlobalSection
	GlobalSection(ExtensibilityGlobals) = postSolution
		SolutionGuid = {9FC91F4E-201F-4607-951F-576F16BC3135}
	EndGlobalSection
EndGlobal
